
Microsoft Visual Studio Solution File, Format Version 12.00
# Visual Studio 14
VisualStudioVersion = 14.0.25420.1
MinimumVisualStudioVersion = 10.0.40219.1
Project("{FAE04EC0-301F-11D3-BF4B-00C04F79EFBC}") = "CustomIOCContainer", "CustomIOCContainer\CustomIOCContainer.csproj", "{59785AC5-F73D-413D-A47D-A3560EE1034F}"
EndProject
Project("{FAE04EC0-301F-11D3-BF4B-00C04F79EFBC}") = "CustomIOC", "CustomIOC\CustomIOC.csproj", "{7DA43BF8-29F3-4A87-AE7C-92BA91B11B7F}"
EndProject
Global
	GlobalSection(SolutionConfigurationPlatforms) = preSolution
		Debug|Any CPU = Debug|Any CPU
		Release|Any CPU = Release|Any CPU
	EndGlobalSection
	GlobalSection(ProjectConfigurationPlatforms) = postSolution
		{59785AC5-F73D-413D-A47D-A3560EE1034F}.Debug|Any CPU.ActiveCfg = Debug|Any CPU
		{59785AC5-F73D-413D-A47D-A3560EE1034F}.Debug|Any CPU.Build.0 = Debug|Any CPU
		{59785AC5-F73D-413D-A47D-A3560EE1034F}.Release|Any CPU.ActiveCfg = Release|Any CPU
		{59785AC5-F73D-413D-A47D-A3560EE1034F}.Release|Any CPU.Build.0 = Release|Any CPU
		{7DA43BF8-29F3-4A87-AE7C-92BA91B11B7F}.Debug|Any CPU.ActiveCfg = Debug|Any CPU
		{7DA43BF8-29F3-4A87-AE7C-92BA91B11B7F}.Debug|Any CPU.Build.0 = Debug|Any CPU
		{7DA43BF8-29F3-4A87-AE7C-92BA91B11B7F}.Release|Any CPU.ActiveCfg = Release|Any CPU
		{7DA43BF8-29F3-4A87-AE7C-92BA91B11B7F}.Release|Any CPU.Build.0 = Release|Any CPU
	EndGlobalSection
	GlobalSection(SolutionProperties) = preSolution
		HideSolutionNode = FALSE
	EndGlobalSection
EndGlobal
